
Microsoft Visual Studio Solution File, Format Version 11.00
# Visual Studio 2010
Project("{FAE04EC0-301F-11D3-BF4B-00C04F79EFBC}") = "3.11(3)", "3.11(3)\3.11(3).csproj", "{6C4AF41D-05CA-4E3C-9704-E688FCBBA329}"
EndProject
Global
	GlobalSection(SolutionConfigurationPlatforms) = preSolution
		Debug|x86 = Debug|x86
		Release|x86 = Release|x86
	EndGlobalSection
	GlobalSection(ProjectConfigurationPlatforms) = postSolution
		{6C4AF41D-05CA-4E3C-9704-E688FCBBA329}.Debug|x86.ActiveCfg = Debug|x86
		{6C4AF41D-05CA-4E3C-9704-E688FCBBA329}.Debug|x86.Build.0 = Debug|x86
		{6C4AF41D-05CA-4E3C-9704-E688FCBBA329}.Release|x86.ActiveCfg = Release|x86
		{6C4AF41D-05CA-4E3C-9704-E688FCBBA329}.Release|x86.Build.0 = Release|x86
	EndGlobalSection
	GlobalSection(SolutionProperties) = preSolution
		HideSolutionNode = FALSE
	EndGlobalSection
EndGlobal
